
Microsoft Visual Studio Solution File, Format Version 12.00
# Visual Studio Version 17
VisualStudioVersion = 17.0.32126.317
MinimumVisualStudioVersion = 10.0.40219.1
Project("{FAE04EC0-301F-11D3-BF4B-00C04F79EFBC}") = "Stopwatch", "Stopwatch\Stopwatch.csproj", "{7C8F292F-553A-424F-BDAB-65C7C911D945}"
EndProject
Global
	GlobalSection(SolutionConfigurationPlatforms) = preSolution
		Debug|Any CPU = Debug|Any CPU
		Release|Any CPU = Release|Any CPU
	EndGlobalSection
	GlobalSection(ProjectConfigurationPlatforms) = postSolution
		{7C8F292F-553A-424F-BDAB-65C7C911D945}.Debug|Any CPU.ActiveCfg = Debug|Any CPU
		{7C8F292F-553A-424F-BDAB-65C7C911D945}.Debug|Any CPU.Build.0 = Debug|Any CPU
		{7C8F292F-553A-424F-BDAB-65C7C911D945}.Release|Any CPU.ActiveCfg = Release|Any CPU
		{7C8F292F-553A-424F-BDAB-65C7C911D945}.Release|Any CPU.Build.0 = Release|Any CPU
	EndGlobalSection
	GlobalSection(SolutionProperties) = preSolution
		HideSolutionNode = FALSE
	EndGlobalSection
	GlobalSection(ExtensibilityGlobals) = postSolution
		SolutionGuid = {37D0E55C-0CFB-4F46-8E2C-583C5A41A1D7}
	EndGlobalSection
EndGlobal
